// !$*UTF8*$!
{
	archiveVersion = 1;
	classes = {
	};
	objectVersion = 48;
	objects = {

/* Begin PBXBuildFile section */
		60C9A38787BA9777C3967BE4 /* Pods_MMPullSwipeDismiss.framework in Frameworks */ = {isa = PBXBuildFile; fileRef = 57C1D97BB9CBB15B42F45EBC /* Pods_MMPullSwipeDismiss.framework */; };
		74A6E9B848D170FB9E6044C9 /* Pods_MMPullSwipeDismissTests.framework in Frameworks */ = {isa = PBXBuildFile; fileRef = A4EFC9453B1034C05F4C7A69 /* Pods_MMPullSwipeDismissTests.framework */; };
		802C3167E04F9C5E1322CBA3 /* Pods_MMPullSwipeDismissUITests.framework in Frameworks */ = {isa = PBXBuildFile; fileRef = 0A28A44B74FA971C4016E677 /* Pods_MMPullSwipeDismissUITests.framework */; };
		8B3A7E131FAC505C00D0CA10 /* AppDelegate.swift in Sources */ = {isa = PBXBuildFile; fileRef = 8B3A7E121FAC505C00D0CA10 /* AppDelegate.swift */; };
		8B3A7E151FAC505C00D0CA10 /* ViewController.swift in Sources */ = {isa = PBXBuildFile; fileRef = 8B3A7E141FAC505C00D0CA10 /* ViewController.swift */; };
		8B3A7E181FAC505C00D0CA10 /* Main.storyboard in Resources */ = {isa = PBXBuildFile; fileRef = 8B3A7E161FAC505C00D0CA10 /* Main.storyboard */; };
		8B3A7E1A1FAC505C00D0CA10 /* Assets.xcassets in Resources */ = {isa = PBXBuildFile; fileRef = 8B3A7E191FAC505C00D0CA10 /* Assets.xcassets */; };
		8B3A7E1D1FAC505C00D0CA10 /* LaunchScreen.storyboard in Resources */ = {isa = PBXBuildFile; fileRef = 8B3A7E1B1FAC505C00D0CA10 /* LaunchScreen.storyboard */; };
		8B3A7E281FAC505C00D0CA10 /* MMPullSwipeDismissTests.swift in Sources */ = {isa = PBXBuildFile; fileRef = 8B3A7E271FAC505C00D0CA10 /* MMPullSwipeDismissTests.swift */; };
		8B3A7E331FAC505C00D0CA10 /* MMPullSwipeDismissUITests.swift in Sources */ = {isa = PBXBuildFile; fileRef = 8B3A7E321FAC505C00D0CA10 /* MMPullSwipeDismissUITests.swift */; };
		8B3A7E411FAC5B2D00D0CA10 /* MMPullSwipeDismissViewController.swift in Sources */ = {isa = PBXBuildFile; fileRef = 8B3A7E401FAC5B2D00D0CA10 /* MMPullSwipeDismissViewController.swift */; };
		8B3A7E431FADBD3E00D0CA10 /* PanExUtil.swift in Sources */ = {isa = PBXBuildFile; fileRef = 8B3A7E421FADBD3E00D0CA10 /* PanExUtil.swift */; };
		8B3A7E451FADBD6800D0CA10 /* ScrollViewExUtil.swift in Sources */ = {isa = PBXBuildFile; fileRef = 8B3A7E441FADBD6800D0CA10 /* ScrollViewExUtil.swift */; };
		8B3A7E491FADBDEA00D0CA10 /* PullSwipeExUtil.swift in Sources */ = {isa = PBXBuildFile; fileRef = 8B3A7E481FADBDEA00D0CA10 /* PullSwipeExUtil.swift */; };
/* End PBXBuildFile section */

/* Begin PBXContainerItemProxy section */
		8B3A7E241FAC505C00D0CA10 /* PBXContainerItemProxy */ = {
			isa = PBXContainerItemProxy;
			containerPortal = 8B3A7E071FAC505C00D0CA10 /* Project object */;
			proxyType = 1;
			remoteGlobalIDString = 8B3A7E0E1FAC505C00D0CA10;
			remoteInfo = MMPullSwipeDismiss;
		};
		8B3A7E2F1FAC505C00D0CA10 /* PBXContainerItemProxy */ = {
			isa = PBXContainerItemProxy;
			containerPortal = 8B3A7E071FAC505C00D0CA10 /* Project object */;
			proxyType = 1;
			remoteGlobalIDString = 8B3A7E0E1FAC505C00D0CA10;
			remoteInfo = MMPullSwipeDismiss;
		};
/* End PBXContainerItemProxy section */

/* Begin PBXFileReference section */
		0A28A44B74FA971C4016E677 /* Pods_MMPullSwipeDismissUITests.framework */ = {isa = PBXFileReference; explicitFileType = wrapper.framework; includeInIndex = 0; path = Pods_MMPullSwipeDismissUITests.framework; sourceTree = BUILT_PRODUCTS_DIR; };
		140DC1D5FAB59717D6F93569 /* Pods-MMPullSwipeDismissTests.debug.xcconfig */ = {isa = PBXFileReference; includeInIndex = 1; lastKnownFileType = text.xcconfig; name = "Pods-MMPullSwipeDismissTests.debug.xcconfig"; path = "Pods/Target Support Files/Pods-MMPullSwipeDismissTests/Pods-MMPullSwipeDismissTests.debug.xcconfig"; sourceTree = "<group>"; };
		57C1D97BB9CBB15B42F45EBC /* Pods_MMPullSwipeDismiss.framework */ = {isa = PBXFileReference; explicitFileType = wrapper.framework; includeInIndex = 0; path = Pods_MMPullSwipeDismiss.framework; sourceTree = BUILT_PRODUCTS_DIR; };
		66B858B6400BD8C2429E4F6F /* Pods-MMPullSwipeDismissUITests.debug.xcconfig */ = {isa = PBXFileReference; includeInIndex = 1; lastKnownFileType = text.xcconfig; name = "Pods-MMPullSwipeDismissUITests.debug.xcconfig"; path = "Pods/Target Support Files/Pods-MMPullSwipeDismissUITests/Pods-MMPullSwipeDismissUITests.debug.xcconfig"; sourceTree = "<group>"; };
		6AD20CE21B7F568CDFD4F460 /* Pods-MMPullSwipeDismiss.release.xcconfig */ = {isa = PBXFileReference; includeInIndex = 1; lastKnownFileType = text.xcconfig; name = "Pods-MMPullSwipeDismiss.release.xcconfig"; path = "Pods/Target Support Files/Pods-MMPullSwipeDismiss/Pods-MMPullSwipeDismiss.release.xcconfig"; sourceTree = "<group>"; };
		6D85C474746CC100258921D7 /* Pods-MMPullSwipeDismissUITests.release.xcconfig */ = {isa = PBXFileReference; includeInIndex = 1; lastKnownFileType = text.xcconfig; name = "Pods-MMPullSwipeDismissUITests.release.xcconfig"; path = "Pods/Target Support Files/Pods-MMPullSwipeDismissUITests/Pods-MMPullSwipeDismissUITests.release.xcconfig"; sourceTree = "<group>"; };
		8B3A7E0F1FAC505C00D0CA10 /* MMPullSwipeDismiss.app */ = {isa = PBXFileReference; explicitFileType = wrapper.application; includeInIndex = 0; path = MMPullSwipeDismiss.app; sourceTree = BUILT_PRODUCTS_DIR; };
		8B3A7E121FAC505C00D0CA10 /* AppDelegate.swift */ = {isa = PBXFileReference; lastKnownFileType = sourcecode.swift; path = AppDelegate.swift; sourceTree = "<group>"; };
		8B3A7E141FAC505C00D0CA10 /* ViewController.swift */ = {isa = PBXFileReference; lastKnownFileType = sourcecode.swift; path = ViewController.swift; sourceTree = "<group>"; };
		8B3A7E171FAC505C00D0CA10 /* Base */ = {isa = PBXFileReference; lastKnownFileType = file.storyboard; name = Base; path = Base.lproj/Main.storyboard; sourceTree = "<group>"; };
		8B3A7E191FAC505C00D0CA10 /* Assets.xcassets */ = {isa = PBXFileReference; lastKnownFileType = folder.assetcatalog; path = Assets.xcassets; sourceTree = "<group>"; };
		8B3A7E1C1FAC505C00D0CA10 /* Base */ = {isa = PBXFileReference; lastKnownFileType = file.storyboard; name = Base; path = Base.lproj/LaunchScreen.storyboard; sourceTree = "<group>"; };
		8B3A7E1E1FAC505C00D0CA10 /* Info.plist */ = {isa = PBXFileReference; lastKnownFileType = text.plist.xml; path = Info.plist; sourceTree = "<group>"; };
		8B3A7E231FAC505C00D0CA10 /* MMPullSwipeDismissTests.xctest */ = {isa = PBXFileReference; explicitFileType = wrapper.cfbundle; includeInIndex = 0; path = MMPullSwipeDismissTests.xctest; sourceTree = BUILT_PRODUCTS_DIR; };
		8B3A7E271FAC505C00D0CA10 /* MMPullSwipeDismissTests.swift */ = {isa = PBXFileReference; lastKnownFileType = sourcecode.swift; path = MMPullSwipeDismissTests.swift; sourceTree = "<group>"; };
		8B3A7E291FAC505C00D0CA10 /* Info.plist */ = {isa = PBXFileReference; lastKnownFileType = text.plist.xml; path = Info.plist; sourceTree = "<group>"; };
		8B3A7E2E1FAC505C00D0CA10 /* MMPullSwipeDismissUITests.xctest */ = {isa = PBXFileReference; explicitFileType = wrapper.cfbundle; includeInIndex = 0; path = MMPullSwipeDismissUITests.xctest; sourceTree = BUILT_PRODUCTS_DIR; };
		8B3A7E321FAC505C00D0CA10 /* MMPullSwipeDismissUITests.swift */ = {isa = PBXFileReference; lastKnownFileType = sourcecode.swift; path = MMPullSwipeDismissUITests.swift; sourceTree = "<group>"; };
		8B3A7E341FAC505C00D0CA10 /* Info.plist */ = {isa = PBXFileReference; lastKnownFileType = text.plist.xml; path = Info.plist; sourceTree = "<group>"; };
		8B3A7E401FAC5B2D00D0CA10 /* MMPullSwipeDismissViewController.swift */ = {isa = PBXFileReference; lastKnownFileType = sourcecode.swift; path = MMPullSwipeDismissViewController.swift; sourceTree = "<group>"; };
		8B3A7E421FADBD3E00D0CA10 /* PanExUtil.swift */ = {isa = PBXFileReference; lastKnownFileType = sourcecode.swift; path = PanExUtil.swift; sourceTree = "<group>"; };
		8B3A7E441FADBD6800D0CA10 /* ScrollViewExUtil.swift */ = {isa = PBXFileReference; lastKnownFileType = sourcecode.swift; path = ScrollViewExUtil.swift; sourceTree = "<group>"; };
		8B3A7E481FADBDEA00D0CA10 /* PullSwipeExUtil.swift */ = {isa = PBXFileReference; lastKnownFileType = sourcecode.swift; path = PullSwipeExUtil.swift; sourceTree = "<group>"; };
		8B3A7E4A1FB1D64100D0CA10 /* demomaster_swipedown.gif */ = {isa = PBXFileReference; lastKnownFileType = image.gif; path = demomaster_swipedown.gif; sourceTree = "<group>"; };
		8B3A7E4B1FB1D64100D0CA10 /* demomaster_swipealeft.gif */ = {isa = PBXFileReference; lastKnownFileType = image.gif; path = demomaster_swipealeft.gif; sourceTree = "<group>"; };
		8B3A7E4C1FB1D64200D0CA10 /* demomaster_swipebup.gif */ = {isa = PBXFileReference; lastKnownFileType = image.gif; path = demomaster_swipebup.gif; sourceTree = "<group>"; };
		972A8B4484B26DDA6C7088B5 /* Pods-MMPullSwipeDismissTests.release.xcconfig */ = {isa = PBXFileReference; includeInIndex = 1; lastKnownFileType = text.xcconfig; name = "Pods-MMPullSwipeDismissTests.release.xcconfig"; path = "Pods/Target Support Files/Pods-MMPullSwipeDismissTests/Pods-MMPullSwipeDismissTests.release.xcconfig"; sourceTree = "<group>"; };
		A4EFC9453B1034C05F4C7A69 /* Pods_MMPullSwipeDismissTests.framework */ = {isa = PBXFileReference; explicitFileType = wrapper.framework; includeInIndex = 0; path = Pods_MMPullSwipeDismissTests.framework; sourceTree = BUILT_PRODUCTS_DIR; };
		C80D4D9C89E26562FB047D0E /* Pods-MMPullSwipeDismiss.debug.xcconfig */ = {isa = PBXFileReference; includeInIndex = 1; lastKnownFileType = text.xcconfig; name = "Pods-MMPullSwipeDismiss.debug.xcconfig"; path = "Pods/Target Support Files/Pods-MMPullSwipeDismiss/Pods-MMPullSwipeDismiss.debug.xcconfig"; sourceTree = "<group>"; };
/* End PBXFileReference section */

/* Begin PBXFrameworksBuildPhase section */
		8B3A7E0C1FAC505C00D0CA10 /* Frameworks */ = {
			isa = PBXFrameworksBuildPhase;
			buildActionMask = 2147483647;
			files = (
				60C9A38787BA9777C3967BE4 /* Pods_MMPullSwipeDismiss.framework in Frameworks */,
			);
			runOnlyForDeploymentPostprocessing = 0;
		};
		8B3A7E201FAC505C00D0CA10 /* Frameworks */ = {
			isa = PBXFrameworksBuildPhase;
			buildActionMask = 2147483647;
			files = (
				74A6E9B848D170FB9E6044C9 /* Pods_MMPullSwipeDismissTests.framework in Frameworks */,
			);
			runOnlyForDeploymentPostprocessing = 0;
		};
		8B3A7E2B1FAC505C00D0CA10 /* Frameworks */ = {
			isa = PBXFrameworksBuildPhase;
			buildActionMask = 2147483647;
			files = (
				802C3167E04F9C5E1322CBA3 /* Pods_MMPullSwipeDismissUITests.framework in Frameworks */,
			);
			runOnlyForDeploymentPostprocessing = 0;
		};
/* End PBXFrameworksBuildPhase section */

/* Begin PBXGroup section */
		49E0C7B980F4E7EF6CD81ED9 /* Frameworks */ = {
			isa = PBXGroup;
			children = (
				57C1D97BB9CBB15B42F45EBC /* Pods_MMPullSwipeDismiss.framework */,
				A4EFC9453B1034C05F4C7A69 /* Pods_MMPullSwipeDismissTests.framework */,
				0A28A44B74FA971C4016E677 /* Pods_MMPullSwipeDismissUITests.framework */,
			);
			name = Frameworks;
			sourceTree = "<group>";
		};
		8B3A7E061FAC505C00D0CA10 = {
			isa = PBXGroup;
			children = (
				8B3A7E111FAC505C00D0CA10 /* MMPullSwipeDismiss */,
				8B3A7E261FAC505C00D0CA10 /* MMPullSwipeDismissTests */,
				8B3A7E311FAC505C00D0CA10 /* MMPullSwipeDismissUITests */,
				8B3A7E101FAC505C00D0CA10 /* Products */,
				C46216D8E8E2C12F9EBCEB97 /* Pods */,
				49E0C7B980F4E7EF6CD81ED9 /* Frameworks */,
			);
			sourceTree = "<group>";
		};
		8B3A7E101FAC505C00D0CA10 /* Products */ = {
			isa = PBXGroup;
			children = (
				8B3A7E0F1FAC505C00D0CA10 /* MMPullSwipeDismiss.app */,
				8B3A7E231FAC505C00D0CA10 /* MMPullSwipeDismissTests.xctest */,
				8B3A7E2E1FAC505C00D0CA10 /* MMPullSwipeDismissUITests.xctest */,
			);
			name = Products;
			sourceTree = "<group>";
		};
		8B3A7E111FAC505C00D0CA10 /* MMPullSwipeDismiss */ = {
			isa = PBXGroup;
			children = (
				8B3A7E4B1FB1D64100D0CA10 /* demomaster_swipealeft.gif */,
				8B3A7E4C1FB1D64200D0CA10 /* demomaster_swipebup.gif */,
				8B3A7E4A1FB1D64100D0CA10 /* demomaster_swipedown.gif */,
				8B3A7E121FAC505C00D0CA10 /* AppDelegate.swift */,
				8B3A7E471FADBD8100D0CA10 /* Controller */,
				8B3A7E161FAC505C00D0CA10 /* Main.storyboard */,
				8B3A7E191FAC505C00D0CA10 /* Assets.xcassets */,
				8B3A7E1B1FAC505C00D0CA10 /* LaunchScreen.storyboard */,
				8B3A7E1E1FAC505C00D0CA10 /* Info.plist */,
				8B3A7E461FADBD7800D0CA10 /* Extension */,
			);
			path = MMPullSwipeDismiss;
			sourceTree = "<group>";
		};
		8B3A7E261FAC505C00D0CA10 /* MMPullSwipeDismissTests */ = {
			isa = PBXGroup;
			children = (
				8B3A7E271FAC505C00D0CA10 /* MMPullSwipeDismissTests.swift */,
				8B3A7E291FAC505C00D0CA10 /* Info.plist */,
			);
			path = MMPullSwipeDismissTests;
			sourceTree = "<group>";
		};
		8B3A7E311FAC505C00D0CA10 /* MMPullSwipeDismissUITests */ = {
			isa = PBXGroup;
			children = (
				8B3A7E321FAC505C00D0CA10 /* MMPullSwipeDismissUITests.swift */,
				8B3A7E341FAC505C00D0CA10 /* Info.plist */,
			);
			path = MMPullSwipeDismissUITests;
			sourceTree = "<group>";
		};
		8B3A7E461FADBD7800D0CA10 /* Extension */ = {
			isa = PBXGroup;
			children = (
				8B3A7E421FADBD3E00D0CA10 /* PanExUtil.swift */,
				8B3A7E441FADBD6800D0CA10 /* ScrollViewExUtil.swift */,
				8B3A7E481FADBDEA00D0CA10 /* PullSwipeExUtil.swift */,
			);
			path = Extension;
			sourceTree = "<group>";
		};
		8B3A7E471FADBD8100D0CA10 /* Controller */ = {
			isa = PBXGroup;
			children = (
				8B3A7E141FAC505C00D0CA10 /* ViewController.swift */,
				8B3A7E401FAC5B2D00D0CA10 /* MMPullSwipeDismissViewController.swift */,
			);
			path = Controller;
			sourceTree = "<group>";
		};
		C46216D8E8E2C12F9EBCEB97 /* Pods */ = {
			isa = PBXGroup;
			children = (
				C80D4D9C89E26562FB047D0E /* Pods-MMPullSwipeDismiss.debug.xcconfig */,
				6AD20CE21B7F568CDFD4F460 /* Pods-MMPullSwipeDismiss.release.xcconfig */,
				140DC1D5FAB59717D6F93569 /* Pods-MMPullSwipeDismissTests.debug.xcconfig */,
				972A8B4484B26DDA6C7088B5 /* Pods-MMPullSwipeDismissTests.release.xcconfig */,
				66B858B6400BD8C2429E4F6F /* Pods-MMPullSwipeDismissUITests.debug.xcconfig */,
				6D85C474746CC100258921D7 /* Pods-MMPullSwipeDismissUITests.release.xcconfig */,
			);
			name = Pods;
			sourceTree = "<group>";
		};
/* End PBXGroup section */

/* Begin PBXNativeTarget section */
		8B3A7E0E1FAC505C00D0CA10 /* MMPullSwipeDismiss */ = {
			isa = PBXNativeTarget;
			buildConfigurationList = 8B3A7E371FAC505C00D0CA10 /* Build configuration list for PBXNativeTarget "MMPullSwipeDismiss" */;
			buildPhases = (
				D9E80276EC59F0C7E27C3E95 /* [CP] Check Pods Manifest.lock */,
				8B3A7E0B1FAC505C00D0CA10 /* Sources */,
				8B3A7E0C1FAC505C00D0CA10 /* Frameworks */,
				8B3A7E0D1FAC505C00D0CA10 /* Resources */,
				8FE6BD40422C8C5EE818C5CD /* [CP] Embed Pods Frameworks */,
				AC8CC0DF12B08ADB8A00CBB4 /* [CP] Copy Pods Resources */,
			);
			buildRules = (
			);
			dependencies = (
			);
			name = MMPullSwipeDismiss;
			productName = MMPullSwipeDismiss;
			productReference = 8B3A7E0F1FAC505C00D0CA10 /* MMPullSwipeDismiss.app */;
			productType = "com.apple.product-type.application";
		};
		8B3A7E221FAC505C00D0CA10 /* MMPullSwipeDismissTests */ = {
			isa = PBXNativeTarget;
			buildConfigurationList = 8B3A7E3A1FAC505C00D0CA10 /* Build configuration list for PBXNativeTarget "MMPullSwipeDismissTests" */;
			buildPhases = (
				362D57C12A609B7744225F26 /* [CP] Check Pods Manifest.lock */,
				8B3A7E1F1FAC505C00D0CA10 /* Sources */,
				8B3A7E201FAC505C00D0CA10 /* Frameworks */,
				8B3A7E211FAC505C00D0CA10 /* Resources */,
				132C8CF76AB5299BD906ADDF /* [CP] Embed Pods Frameworks */,
				0B6454815733BFAF897A58A8 /* [CP] Copy Pods Resources */,
			);
			buildRules = (
			);
			dependencies = (
				8B3A7E251FAC505C00D0CA10 /* PBXTargetDependency */,
			);
			name = MMPullSwipeDismissTests;
			productName = MMPullSwipeDismissTests;
			productReference = 8B3A7E231FAC505C00D0CA10 /* MMPullSwipeDismissTests.xctest */;
			productType = "com.apple.product-type.bundle.unit-test";
		};
		8B3A7E2D1FAC505C00D0CA10 /* MMPullSwipeDismissUITests */ = {
			isa = PBXNativeTarget;
			buildConfigurationList = 8B3A7E3D1FAC505C00D0CA10 /* Build configuration list for PBXNativeTarget "MMPullSwipeDismissUITests" */;
			buildPhases = (
				EB00BADA8F4E4DBD6017E60B /* [CP] Check Pods Manifest.lock */,
				8B3A7E2A1FAC505C00D0CA10 /* Sources */,
				8B3A7E2B1FAC505C00D0CA10 /* Frameworks */,
				8B3A7E2C1FAC505C00D0CA10 /* Resources */,
				EE6FBED4A5CA470B4B24E065 /* [CP] Embed Pods Frameworks */,
				D0B2D0190C0DD8AACC96BCAB /* [CP] Copy Pods Resources */,
			);
			buildRules = (
			);
			dependencies = (
				8B3A7E301FAC505C00D0CA10 /* PBXTargetDependency */,
			);
			name = MMPullSwipeDismissUITests;
			productName = MMPullSwipeDismissUITests;
			productReference = 8B3A7E2E1FAC505C00D0CA10 /* MMPullSwipeDismissUITests.xctest */;
			productType = "com.apple.product-type.bundle.ui-testing";
		};
/* End PBXNativeTarget section */

/* Begin PBXProject section */
		8B3A7E071FAC505C00D0CA10 /* Project object */ = {
			isa = PBXProject;
			attributes = {
				LastSwiftUpdateCheck = 0900;
				LastUpgradeCheck = 0900;
				ORGANIZATIONNAME = "Mad Apps";
				TargetAttributes = {
					8B3A7E0E1FAC505C00D0CA10 = {
						CreatedOnToolsVersion = 9.0;
						ProvisioningStyle = Manual;
					};
					8B3A7E221FAC505C00D0CA10 = {
						CreatedOnToolsVersion = 9.0;
						ProvisioningStyle = Automatic;
						TestTargetID = 8B3A7E0E1FAC505C00D0CA10;
					};
					8B3A7E2D1FAC505C00D0CA10 = {
						CreatedOnToolsVersion = 9.0;
						ProvisioningStyle = Automatic;
						TestTargetID = 8B3A7E0E1FAC505C00D0CA10;
					};
				};
			};
			buildConfigurationList = 8B3A7E0A1FAC505C00D0CA10 /* Build configuration list for PBXProject "MMPullSwipeDismiss" */;
			compatibilityVersion = "Xcode 8.0";
			developmentRegion = en;
			hasScannedForEncodings = 0;
			knownRegions = (
				en,
				Base,
			);
			mainGroup = 8B3A7E061FAC505C00D0CA10;
			productRefGroup = 8B3A7E101FAC505C00D0CA10 /* Products */;
			projectDirPath = "";
			projectRoot = "";
			targets = (
				8B3A7E0E1FAC505C00D0CA10 /* MMPullSwipeDismiss */,
				8B3A7E221FAC505C00D0CA10 /* MMPullSwipeDismissTests */,
				8B3A7E2D1FAC505C00D0CA10 /* MMPullSwipeDismissUITests */,
			);
		};
/* End PBXProject section */

/* Begin PBXResourcesBuildPhase section */
		8B3A7E0D1FAC505C00D0CA10 /* Resources */ = {
			isa = PBXResourcesBuildPhase;
			buildActionMask = 2147483647;
			files = (
				8B3A7E1D1FAC505C00D0CA10 /* LaunchScreen.storyboard in Resources */,
				8B3A7E1A1FAC505C00D0CA10 /* Assets.xcassets in Resources */,
				8B3A7E181FAC505C00D0CA10 /* Main.storyboard in Resources */,
			);
			runOnlyForDeploymentPostprocessing = 0;
		};
		8B3A7E211FAC505C00D0CA10 /* Resources */ = {
			isa = PBXResourcesBuildPhase;
			buildActionMask = 2147483647;
			files = (
			);
			runOnlyForDeploymentPostprocessing = 0;
		};
		8B3A7E2C1FAC505C00D0CA10 /* Resources */ = {
			isa = PBXResourcesBuildPhase;
			buildActionMask = 2147483647;
			files = (
			);
			runOnlyForDeploymentPostprocessing = 0;
		};
/* End PBXResourcesBuildPhase section */

/* Begin PBXShellScriptBuildPhase section */
		0B6454815733BFAF897A58A8 /* [CP] Copy Pods Resources */ = {
			isa = PBXShellScriptBuildPhase;
			buildActionMask = 2147483647;
			files = (
			);
			inputPaths = (
			);
			name = "[CP] Copy Pods Resources";
			outputPaths = (
			);
			runOnlyForDeploymentPostprocessing = 0;
			shellPath = /bin/sh;
			shellScript = "\"${SRCROOT}/Pods/Target Support Files/Pods-MMPullSwipeDismissTests/Pods-MMPullSwipeDismissTests-resources.sh\"\n";
			showEnvVarsInLog = 0;
		};
		132C8CF76AB5299BD906ADDF /* [CP] Embed Pods Frameworks */ = {
			isa = PBXShellScriptBuildPhase;
			buildActionMask = 2147483647;
			files = (
			);
			inputPaths = (
			);
			name = "[CP] Embed Pods Frameworks";
			outputPaths = (
			);
			runOnlyForDeploymentPostprocessing = 0;
			shellPath = /bin/sh;
			shellScript = "\"${SRCROOT}/Pods/Target Support Files/Pods-MMPullSwipeDismissTests/Pods-MMPullSwipeDismissTests-frameworks.sh\"\n";
			showEnvVarsInLog = 0;
		};
		362D57C12A609B7744225F26 /* [CP] Check Pods Manifest.lock */ = {
			isa = PBXShellScriptBuildPhase;
			buildActionMask = 2147483647;
			files = (
			);
			inputPaths = (
			);
			name = "[CP] Check Pods Manifest.lock";
			outputPaths = (
			);
			runOnlyForDeploymentPostprocessing = 0;
			shellPath = /bin/sh;
			shellScript = "diff \"${PODS_PODFILE_DIR_PATH}/Podfile.lock\" \"${PODS_ROOT}/Manifest.lock\" > /dev/null\nif [ $? != 0 ] ; then\n    # print error to STDERR\n    echo \"error: The sandbox is not in sync with the Podfile.lock. Run 'pod install' or update your CocoaPods installation.\" >&2\n    exit 1\nfi\n";
			showEnvVarsInLog = 0;
		};
		8FE6BD40422C8C5EE818C5CD /* [CP] Embed Pods Frameworks */ = {
			isa = PBXShellScriptBuildPhase;
			buildActionMask = 2147483647;
			files = (
			);
			inputPaths = (
			);
			name = "[CP] Embed Pods Frameworks";
			outputPaths = (
			);
			runOnlyForDeploymentPostprocessing = 0;
			shellPath = /bin/sh;
			shellScript = "\"${SRCROOT}/Pods/Target Support Files/Pods-MMPullSwipeDismiss/Pods-MMPullSwipeDismiss-frameworks.sh\"\n";
			showEnvVarsInLog = 0;
		};
		AC8CC0DF12B08ADB8A00CBB4 /* [CP] Copy Pods Resources */ = {
			isa = PBXShellScriptBuildPhase;
			buildActionMask = 2147483647;
			files = (
			);
			inputPaths = (
			);
			name = "[CP] Copy Pods Resources";
			outputPaths = (
			);
			runOnlyForDeploymentPostprocessing = 0;
			shellPath = /bin/sh;
			shellScript = "\"${SRCROOT}/Pods/Target Support Files/Pods-MMPullSwipeDismiss/Pods-MMPullSwipeDismiss-resources.sh\"\n";
			showEnvVarsInLog = 0;
		};
		D0B2D0190C0DD8AACC96BCAB /* [CP] Copy Pods Resources */ = {
			isa = PBXShellScriptBuildPhase;
			buildActionMask = 2147483647;
			files = (
			);
			inputPaths = (
			);
			name = "[CP] Copy Pods Resources";
			outputPaths = (
			);
			runOnlyForDeploymentPostprocessing = 0;
			shellPath = /bin/sh;
			shellScript = "\"${SRCROOT}/Pods/Target Support Files/Pods-MMPullSwipeDismissUITests/Pods-MMPullSwipeDismissUITests-resources.sh\"\n";
			showEnvVarsInLog = 0;
		};
		D9E80276EC59F0C7E27C3E95 /* [CP] Check Pods Manifest.lock */ = {
			isa = PBXShellScriptBuildPhase;
			buildActionMask = 2147483647;
			files = (
			);
			inputPaths = (
			);
			name = "[CP] Check Pods Manifest.lock";
			outputPaths = (
			);
			runOnlyForDeploymentPostprocessing = 0;
			shellPath = /bin/sh;
			shellScript = "diff \"${PODS_PODFILE_DIR_PATH}/Podfile.lock\" \"${PODS_ROOT}/Manifest.lock\" > /dev/null\nif [ $? != 0 ] ; then\n    # print error to STDERR\n    echo \"error: The sandbox is not in sync with the Podfile.lock. Run 'pod install' or update your CocoaPods installation.\" >&2\n    exit 1\nfi\n";
			showEnvVarsInLog = 0;
		};
		EB00BADA8F4E4DBD6017E60B /* [CP] Check Pods Manifest.lock */ = {
			isa = PBXShellScriptBuildPhase;
			buildActionMask = 2147483647;
			files = (
			);
			inputPaths = (
			);
			name = "[CP] Check Pods Manifest.lock";
			outputPaths = (
			);
			runOnlyForDeploymentPostprocessing = 0;
			shellPath = /bin/sh;
			shellScript = "diff \"${PODS_PODFILE_DIR_PATH}/Podfile.lock\" \"${PODS_ROOT}/Manifest.lock\" > /dev/null\nif [ $? != 0 ] ; then\n    # print error to STDERR\n    echo \"error: The sandbox is not in sync with the Podfile.lock. Run 'pod install' or update your CocoaPods installation.\" >&2\n    exit 1\nfi\n";
			showEnvVarsInLog = 0;
		};
		EE6FBED4A5CA470B4B24E065 /* [CP] Embed Pods Frameworks */ = {
			isa = PBXShellScriptBuildPhase;
			buildActionMask = 2147483647;
			files = (
			);
			inputPaths = (
			);
			name = "[CP] Embed Pods Frameworks";
			outputPaths = (
			);
			runOnlyForDeploymentPostprocessing = 0;
			shellPath = /bin/sh;
			shellScript = "\"${SRCROOT}/Pods/Target Support Files/Pods-MMPullSwipeDismissUITests/Pods-MMPullSwipeDismissUITests-frameworks.sh\"\n";
			showEnvVarsInLog = 0;
		};
/* End PBXShellScriptBuildPhase section */

/* Begin PBXSourcesBuildPhase section */
		8B3A7E0B1FAC505C00D0CA10 /* Sources */ = {
			isa = PBXSourcesBuildPhase;
			buildActionMask = 2147483647;
			files = (
				8B3A7E491FADBDEA00D0CA10 /* PullSwipeExUtil.swift in Sources */,
				8B3A7E431FADBD3E00D0CA10 /* PanExUtil.swift in Sources */,
				8B3A7E411FAC5B2D00D0CA10 /* MMPullSwipeDismissViewController.swift in Sources */,
				8B3A7E151FAC505C00D0CA10 /* ViewController.swift in Sources */,
				8B3A7E131FAC505C00D0CA10 /* AppDelegate.swift in Sources */,
				8B3A7E451FADBD6800D0CA10 /* ScrollViewExUtil.swift in Sources */,
			);
			runOnlyForDeploymentPostprocessing = 0;
		};
		8B3A7E1F1FAC505C00D0CA10 /* Sources */ = {
			isa = PBXSourcesBuildPhase;
			buildActionMask = 2147483647;
			files = (
				8B3A7E281FAC505C00D0CA10 /* MMPullSwipeDismissTests.swift in Sources */,
			);
			runOnlyForDeploymentPostprocessing = 0;
		};
		8B3A7E2A1FAC505C00D0CA10 /* Sources */ = {
			isa = PBXSourcesBuildPhase;
			buildActionMask = 2147483647;
			files = (
				8B3A7E331FAC505C00D0CA10 /* MMPullSwipeDismissUITests.swift in Sources */,
			);
			runOnlyForDeploymentPostprocessing = 0;
		};
/* End PBXSourcesBuildPhase section */

/* Begin PBXTargetDependency section */
		8B3A7E251FAC505C00D0CA10 /* PBXTargetDependency */ = {
			isa = PBXTargetDependency;
			target = 8B3A7E0E1FAC505C00D0CA10 /* MMPullSwipeDismiss */;
			targetProxy = 8B3A7E241FAC505C00D0CA10 /* PBXContainerItemProxy */;
		};
		8B3A7E301FAC505C00D0CA10 /* PBXTargetDependency */ = {
			isa = PBXTargetDependency;
			target = 8B3A7E0E1FAC505C00D0CA10 /* MMPullSwipeDismiss */;
			targetProxy = 8B3A7E2F1FAC505C00D0CA10 /* PBXContainerItemProxy */;
		};
/* End PBXTargetDependency section */

/* Begin PBXVariantGroup section */
		8B3A7E161FAC505C00D0CA10 /* Main.storyboard */ = {
			isa = PBXVariantGroup;
			children = (
				8B3A7E171FAC505C00D0CA10 /* Base */,
			);
			name = Main.storyboard;
			sourceTree = "<group>";
		};
		8B3A7E1B1FAC505C00D0CA10 /* LaunchScreen.storyboard */ = {
			isa = PBXVariantGroup;
			children = (
				8B3A7E1C1FAC505C00D0CA10 /* Base */,
			);
			name = LaunchScreen.storyboard;
			sourceTree = "<group>";
		};
/* End PBXVariantGroup section */

/* Begin XCBuildConfiguration section */
		8B3A7E351FAC505C00D0CA10 /* Debug */ = {
			isa = XCBuildConfiguration;
			buildSettings = {
				ALWAYS_SEARCH_USER_PATHS = NO;
				CLANG_ANALYZER_NONNULL = YES;
				CLANG_ANALYZER_NUMBER_OBJECT_CONVERSION = YES_AGGRESSIVE;
				CLANG_CXX_LANGUAGE_STANDARD = "gnu++14";
				CLANG_CXX_LIBRARY = "libc++";
				CLANG_ENABLE_MODULES = YES;
				CLANG_ENABLE_OBJC_ARC = YES;
				CLANG_WARN_BLOCK_CAPTURE_AUTORELEASING = YES;
				CLANG_WARN_BOOL_CONVERSION = YES;
				CLANG_WARN_COMMA = YES;
				CLANG_WARN_CONSTANT_CONVERSION = YES;
				CLANG_WARN_DIRECT_OBJC_ISA_USAGE = YES_ERROR;
				CLANG_WARN_DOCUMENTATION_COMMENTS = YES;
				CLANG_WARN_EMPTY_BODY = YES;
				CLANG_WARN_ENUM_CONVERSION = YES;
				CLANG_WARN_INFINITE_RECURSION = YES;
				CLANG_WARN_INT_CONVERSION = YES;
				CLANG_WARN_NON_LITERAL_NULL_CONVERSION = YES;
				CLANG_WARN_OBJC_LITERAL_CONVERSION = YES;
				CLANG_WARN_OBJC_ROOT_CLASS = YES_ERROR;
				CLANG_WARN_RANGE_LOOP_ANALYSIS = YES;
				CLANG_WARN_STRICT_PROTOTYPES = YES;
				CLANG_WARN_SUSPICIOUS_MOVE = YES;
				CLANG_WARN_UNGUARDED_AVAILABILITY = YES_AGGRESSIVE;
				CLANG_WARN_UNREACHABLE_CODE = YES;
				CLANG_WARN__DUPLICATE_METHOD_MATCH = YES;
				CODE_SIGN_IDENTITY = "iPhone Developer";
				COPY_PHASE_STRIP = NO;
				DEBUG_INFORMATION_FORMAT = dwarf;
				ENABLE_STRICT_OBJC_MSGSEND = YES;
				ENABLE_TESTABILITY = YES;
				GCC_C_LANGUAGE_STANDARD = gnu11;
				GCC_DYNAMIC_NO_PIC = NO;
				GCC_NO_COMMON_BLOCKS = YES;
				GCC_OPTIMIZATION_LEVEL = 0;
				GCC_PREPROCESSOR_DEFINITIONS = (
					"DEBUG=1",
					"$(inherited)",
				);
				GCC_WARN_64_TO_32_BIT_CONVERSION = YES;
				GCC_WARN_ABOUT_RETURN_TYPE = YES_ERROR;
				GCC_WARN_UNDECLARED_SELECTOR = YES;
				GCC_WARN_UNINITIALIZED_AUTOS = YES_AGGRESSIVE;
				GCC_WARN_UNUSED_FUNCTION = YES;
				GCC_WARN_UNUSED_VARIABLE = YES;
				IPHONEOS_DEPLOYMENT_TARGET = 11.0;
				MTL_ENABLE_DEBUG_INFO = YES;
				ONLY_ACTIVE_ARCH = YES;
				SDKROOT = iphoneos;
				SWIFT_ACTIVE_COMPILATION_CONDITIONS = DEBUG;
				SWIFT_OPTIMIZATION_LEVEL = "-Onone";
			};
			name = Debug;
		};
		8B3A7E361FAC505C00D0CA10 /* Release */ = {
			isa = XCBuildConfiguration;
			buildSettings = {
				ALWAYS_SEARCH_USER_PATHS = NO;
				CLANG_ANALYZER_NONNULL = YES;
				CLANG_ANALYZER_NUMBER_OBJECT_CONVERSION = YES_AGGRESSIVE;
				CLANG_CXX_LANGUAGE_STANDARD = "gnu++14";
				CLANG_CXX_LIBRARY = "libc++";
				CLANG_ENABLE_MODULES = YES;
				CLANG_ENABLE_OBJC_ARC = YES;
				CLANG_WARN_BLOCK_CAPTURE_AUTORELEASING = YES;
				CLANG_WARN_BOOL_CONVERSION = YES;
				CLANG_WARN_COMMA = YES;
				CLANG_WARN_CONSTANT_CONVERSION = YES;
				CLANG_WARN_DIRECT_OBJC_ISA_USAGE = YES_ERROR;
				CLANG_WARN_DOCUMENTATION_COMMENTS = YES;
				CLANG_WARN_EMPTY_BODY = YES;
				CLANG_WARN_ENUM_CONVERSION = YES;
				CLANG_WARN_INFINITE_RECURSION = YES;
				CLANG_WARN_INT_CONVERSION = YES;
				CLANG_WARN_NON_LITERAL_NULL_CONVERSION = YES;
				CLANG_WARN_OBJC_LITERAL_CONVERSION = YES;
				CLANG_WARN_OBJC_ROOT_CLASS = YES_ERROR;
				CLANG_WARN_RANGE_LOOP_ANALYSIS = YES;
				CLANG_WARN_STRICT_PROTOTYPES = YES;
				CLANG_WARN_SUSPICIOUS_MOVE = YES;
				CLANG_WARN_UNGUARDED_AVAILABILITY = YES_AGGRESSIVE;
				CLANG_WARN_UNREACHABLE_CODE = YES;
				CLANG_WARN__DUPLICATE_METHOD_MATCH = YES;
				CODE_SIGN_IDENTITY = "iPhone Developer";
				COPY_PHASE_STRIP = NO;
				DEBUG_INFORMATION_FORMAT = "dwarf-with-dsym";
				ENABLE_NS_ASSERTIONS = NO;
				ENABLE_STRICT_OBJC_MSGSEND = YES;
				GCC_C_LANGUAGE_STANDARD = gnu11;
				GCC_NO_COMMON_BLOCKS = YES;
				GCC_WARN_64_TO_32_BIT_CONVERSION = YES;
				GCC_WARN_ABOUT_RETURN_TYPE = YES_ERROR;
				GCC_WARN_UNDECLARED_SELECTOR = YES;
				GCC_WARN_UNINITIALIZED_AUTOS = YES_AGGRESSIVE;
				GCC_WARN_UNUSED_FUNCTION = YES;
				GCC_WARN_UNUSED_VARIABLE = YES;
				IPHONEOS_DEPLOYMENT_TARGET = 11.0;
				MTL_ENABLE_DEBUG_INFO = NO;
				SDKROOT = iphoneos;
				SWIFT_OPTIMIZATION_LEVEL = "-Owholemodule";
				VALIDATE_PRODUCT = YES;
			};
			name = Release;
		};
		8B3A7E381FAC505C00D0CA10 /* Debug */ = {
			isa = XCBuildConfiguration;
			baseConfigurationReference = C80D4D9C89E26562FB047D0E /* Pods-MMPullSwipeDismiss.debug.xcconfig */;
			buildSettings = {
				ASSETCATALOG_COMPILER_APPICON_NAME = AppIcon;
				CODE_SIGN_STYLE = Manual;
				DEVELOPMENT_TEAM = 7EYUH9EYFN;
				INFOPLIST_FILE = MMPullSwipeDismiss/Info.plist;
				IPHONEOS_DEPLOYMENT_TARGET = 9.0;
				LD_RUNPATH_SEARCH_PATHS = "$(inherited) @executable_path/Frameworks";
				PRODUCT_BUNDLE_IDENTIFIER = com.madapps.MMPullSwipeDismiss;
				PRODUCT_NAME = "$(TARGET_NAME)";
				PROVISIONING_PROFILE = "e819b028-1dc3-4c77-a714-27c02783a98a";
				PROVISIONING_PROFILE_SPECIFIER = "Tickled Media Wildcard Development";
				SWIFT_VERSION = 4.0;
				TARGETED_DEVICE_FAMILY = "1,2";
			};
			name = Debug;
		};
		8B3A7E391FAC505C00D0CA10 /* Release */ = {
			isa = XCBuildConfiguration;
			baseConfigurationReference = 6AD20CE21B7F568CDFD4F460 /* Pods-MMPullSwipeDismiss.release.xcconfig */;
			buildSettings = {
				ASSETCATALOG_COMPILER_APPICON_NAME = AppIcon;
				CODE_SIGN_STYLE = Manual;
				DEVELOPMENT_TEAM = "";
				INFOPLIST_FILE = MMPullSwipeDismiss/Info.plist;
				IPHONEOS_DEPLOYMENT_TARGET = 9.0;
				LD_RUNPATH_SEARCH_PATHS = "$(inherited) @executable_path/Frameworks";
				PRODUCT_BUNDLE_IDENTIFIER = com.madapps.MMPullSwipeDismiss;
				PRODUCT_NAME = "$(TARGET_NAME)";
				PROVISIONING_PROFILE_SPECIFIER = "";
				SWIFT_VERSION = 4.0;
				TARGETED_DEVICE_FAMILY = "1,2";
			};
			name = Release;
		};
		8B3A7E3B1FAC505C00D0CA10 /* Debug */ = {
			isa = XCBuildConfiguration;
			baseConfigurationReference = 140DC1D5FAB59717D6F93569 /* Pods-MMPullSwipeDismissTests.debug.xcconfig */;
			buildSettings = {
				ALWAYS_EMBED_SWIFT_STANDARD_LIBRARIES = YES;
				BUNDLE_LOADER = "$(TEST_HOST)";
				CODE_SIGN_STYLE = Automatic;
				INFOPLIST_FILE = MMPullSwipeDismissTests/Info.plist;
				LD_RUNPATH_SEARCH_PATHS = "$(inherited) @executable_path/Frameworks @loader_path/Frameworks";
				PRODUCT_BUNDLE_IDENTIFIER = com.madapps.MMPullSwipeDismissTests;
				PRODUCT_NAME = "$(TARGET_NAME)";
				SWIFT_VERSION = 4.0;
				TARGETED_DEVICE_FAMILY = "1,2";
				TEST_HOST = "$(BUILT_PRODUCTS_DIR)/MMPullSwipeDismiss.app/MMPullSwipeDismiss";
			};
			name = Debug;
		};
		8B3A7E3C1FAC505C00D0CA10 /* Release */ = {
			isa = XCBuildConfiguration;
			baseConfigurationReference = 972A8B4484B26DDA6C7088B5 /* Pods-MMPullSwipeDismissTests.release.xcconfig */;
			buildSettings = {
				ALWAYS_EMBED_SWIFT_STANDARD_LIBRARIES = YES;
				BUNDLE_LOADER = "$(TEST_HOST)";
				CODE_SIGN_STYLE = Automatic;
				INFOPLIST_FILE = MMPullSwipeDismissTests/Info.plist;
				LD_RUNPATH_SEARCH_PATHS = "$(inherited) @executable_path/Frameworks @loader_path/Frameworks";
				PRODUCT_BUNDLE_IDENTIFIER = com.madapps.MMPullSwipeDismissTests;
				PRODUCT_NAME = "$(TARGET_NAME)";
				SWIFT_VERSION = 4.0;
				TARGETED_DEVICE_FAMILY = "1,2";
				TEST_HOST = "$(BUILT_PRODUCTS_DIR)/MMPullSwipeDismiss.app/MMPullSwipeDismiss";
			};
			name = Release;
		};
		8B3A7E3E1FAC505C00D0CA10 /* Debug */ = {
			isa = XCBuildConfiguration;
			baseConfigurationReference = 66B858B6400BD8C2429E4F6F /* Pods-MMPullSwipeDismissUITests.debug.xcconfig */;
			buildSettings = {
				ALWAYS_EMBED_SWIFT_STANDARD_LIBRARIES = YES;
				CODE_SIGN_STYLE = Automatic;
				INFOPLIST_FILE = MMPullSwipeDismissUITests/Info.plist;
				LD_RUNPATH_SEARCH_PATHS = "$(inherited) @executable_path/Frameworks @loader_path/Frameworks";
				PRODUCT_BUNDLE_IDENTIFIER = com.madapps.MMPullSwipeDismissUITests;
				PRODUCT_NAME = "$(TARGET_NAME)";
				SWIFT_VERSION = 4.0;
				TARGETED_DEVICE_FAMILY = "1,2";
				TEST_TARGET_NAME = MMPullSwipeDismiss;
			};
			name = Debug;
		};
		8B3A7E3F1FAC505C00D0CA10 /* Release */ = {
			isa = XCBuildConfiguration;
			baseConfigurationReference = 6D85C474746CC100258921D7 /* Pods-MMPullSwipeDismissUITests.release.xcconfig */;
			buildSettings = {
				ALWAYS_EMBED_SWIFT_STANDARD_LIBRARIES = YES;
				CODE_SIGN_STYLE = Automatic;
				INFOPLIST_FILE = MMPullSwipeDismissUITests/Info.plist;
				LD_RUNPATH_SEARCH_PATHS = "$(inherited) @executable_path/Frameworks @loader_path/Frameworks";
				PRODUCT_BUNDLE_IDENTIFIER = com.madapps.MMPullSwipeDismissUITests;
				PRODUCT_NAME = "$(TARGET_NAME)";
				SWIFT_VERSION = 4.0;
				TARGETED_DEVICE_FAMILY = "1,2";
				TEST_TARGET_NAME = MMPullSwipeDismiss;
			};
			name = Release;
		};
/* End XCBuildConfiguration section */

/* Begin XCConfigurationList section */
		8B3A7E0A1FAC505C00D0CA10 /* Build configuration list for PBXProject "MMPullSwipeDismiss" */ = {
			isa = XCConfigurationList;
			buildConfigurations = (
				8B3A7E351FAC505C00D0CA10 /* Debug */,
				8B3A7E361FAC505C00D0CA10 /* Release */,
			);
			defaultConfigurationIsVisible = 0;
			defaultConfigurationName = Release;
		};
		8B3A7E371FAC505C00D0CA10 /* Build configuration list for PBXNativeTarget "MMPullSwipeDismiss" */ = {
			isa = XCConfigurationList;
			buildConfigurations = (
				8B3A7E381FAC505C00D0CA10 /* Debug */,
				8B3A7E391FAC505C00D0CA10 /* Release */,
			);
			defaultConfigurationIsVisible = 0;
			defaultConfigurationName = Release;
		};
		8B3A7E3A1FAC505C00D0CA10 /* Build configuration list for PBXNativeTarget "MMPullSwipeDismissTests" */ = {
			isa = XCConfigurationList;
			buildConfigurations = (
				8B3A7E3B1FAC505C00D0CA10 /* Debug */,
				8B3A7E3C1FAC505C00D0CA10 /* Release */,
			);
			defaultConfigurationIsVisible = 0;
			defaultConfigurationName = Release;
		};
		8B3A7E3D1FAC505C00D0CA10 /* Build configuration list for PBXNativeTarget "MMPullSwipeDismissUITests" */ = {
			isa = XCConfigurationList;
			buildConfigurations = (
				8B3A7E3E1FAC505C00D0CA10 /* Debug */,
				8B3A7E3F1FAC505C00D0CA10 /* Release */,
			);
			defaultConfigurationIsVisible = 0;
			defaultConfigurationName = Release;
		};
/* End XCConfigurationList section */
	};
	rootObject = 8B3A7E071FAC505C00D0CA10 /* Project object */;
}
